
Microsoft Visual Studio Solution File, Format Version 12.00
# Visual Studio 2015
Project("{FAE04EC0-301F-11D3-BF4B-00C04F79EFBC}") = "lol_1", "lol_1.csproj", "{0C0756D5-33B3-CA0E-1A41-1FD3DA28A6DB}"
EndProject
Global
	GlobalSection(SolutionConfigurationPlatforms) = preSolution
		Debug|Any CPU = Debug|Any CPU
		Release|Any CPU = Release|Any CPU
	EndGlobalSection
	GlobalSection(ProjectConfigurationPlatforms) = postSolution
		{0C0756D5-33B3-CA0E-1A41-1FD3DA28A6DB}.Debug|Any CPU.ActiveCfg = Debug|Any CPU
		{0C0756D5-33B3-CA0E-1A41-1FD3DA28A6DB}.Debug|Any CPU.Build.0 = Debug|Any CPU
		{0C0756D5-33B3-CA0E-1A41-1FD3DA28A6DB}.Release|Any CPU.ActiveCfg = Release|Any CPU
		{0C0756D5-33B3-CA0E-1A41-1FD3DA28A6DB}.Release|Any CPU.Build.0 = Release|Any CPU
	EndGlobalSection
	GlobalSection(SolutionProperties) = preSolution
		HideSolutionNode = FALSE
	EndGlobalSection
EndGlobal
